
Microsoft Visual Studio Solution File, Format Version 12.00
# Visual Studio 15
VisualStudioVersion = 15.0.26730.16
MinimumVisualStudioVersion = 10.0.40219.1
Project("{2150E333-8FDC-42A3-9474-1A3956D46DE8}") = "1. Presentation", "1. Presentation", "{2A0ABAFC-5FE0-4B49-A3A6-72B856006521}"
EndProject
Project("{2150E333-8FDC-42A3-9474-1A3956D46DE8}") = "2. Services", "2. Services", "{0029B095-92CC-42A5-A8FF-5B8377A94156}"
EndProject
Project("{2150E333-8FDC-42A3-9474-1A3956D46DE8}") = "3. Core", "3. Core", "{EB07FF12-E112-4082-A849-24371213588D}"
EndProject
Project("{2150E333-8FDC-42A3-9474-1A3956D46DE8}") = "3.2 Bounded context", "3.2 Bounded context", "{A7605BD5-EA99-4648-939F-D4FA0BFB90AB}"
EndProject
Project("{2150E333-8FDC-42A3-9474-1A3956D46DE8}") = "3.1 Shared", "3.1 Shared", "{D41B92FE-0323-4097-93FE-D32F326FAFD4}"
EndProject
Project("{2150E333-8FDC-42A3-9474-1A3956D46DE8}") = "Infra", "Infra", "{AF062DDD-DF25-4079-AAC9-01B6A29437ED}"
EndProject
Project("{2150E333-8FDC-42A3-9474-1A3956D46DE8}") = "Domain", "Domain", "{0EABA5AA-E64A-43A8-8BB4-C0B155466DF0}"
EndProject
Project("{2150E333-8FDC-42A3-9474-1A3956D46DE8}") = "Usuários", "Usuários", "{29AF8D51-2664-48FB-B509-A175A5C8E9F2}"
EndProject
Project("{2150E333-8FDC-42A3-9474-1A3956D46DE8}") = "Configurações", "Configurações", "{1CFB20A9-1F32-4831-886D-B25CE299DFB1}"
EndProject
Project("{2150E333-8FDC-42A3-9474-1A3956D46DE8}") = "Protocolos", "Protocolos", "{CDAB2A2D-BB5A-4EE0-9A06-E5C377FE351C}"
EndProject
Project("{2150E333-8FDC-42A3-9474-1A3956D46DE8}") = "Anuidades", "Anuidades", "{8177D71F-17FD-48BA-BCEA-886537648055}"
EndProject
Project("{2150E333-8FDC-42A3-9474-1A3956D46DE8}") = "Eventos", "Eventos", "{A185E293-AF82-4DCA-A828-162A3539FB83}"
EndProject
Project("{2150E333-8FDC-42A3-9474-1A3956D46DE8}") = "Cupons", "Cupons", "{3BF69800-EFD0-41A7-BC0B-8D69D81E66B1}"
EndProject
Project("{2150E333-8FDC-42A3-9474-1A3956D46DE8}") = "Financeiro", "Financeiro", "{82FC73ED-C53D-4C72-B0C9-3814460AE811}"
EndProject
Project("{2150E333-8FDC-42A3-9474-1A3956D46DE8}") = "Programação científica", "Programação científica", "{D9CE3159-1D1C-4FAA-A269-727671A7D65D}"
EndProject
Project("{2150E333-8FDC-42A3-9474-1A3956D46DE8}") = "Relatórios", "Relatórios", "{F7656917-E9F9-48BE-A7A7-D1F00F93D7C7}"
EndProject
Project("{2150E333-8FDC-42A3-9474-1A3956D46DE8}") = "Application layer", "Application layer", "{7F1BB3AA-F650-4EB3-828C-F61DB77188A9}"
EndProject
Project("{2150E333-8FDC-42A3-9474-1A3956D46DE8}") = "Infraestructure", "Infraestructure", "{3F84AB97-3DEE-417F-871E-4730D947A5D3}"
EndProject
Project("{2150E333-8FDC-42A3-9474-1A3956D46DE8}") = "Domain", "Domain", "{994A0084-0B54-4306-BBFA-3DB0AC08377B}"
EndProject
Project("{9A19103F-16F7-4668-BE54-9A1E7A4F7556}") = "SAESP.Gestao.Usuario.Domain", "App\SAESP.Gestao.Usuario.Domain\SAESP.Gestao.Usuario.Domain.csproj", "{DD89A647-3718-45C5-84E5-DE1F4C78D226}"
EndProject
Project("{9A19103F-16F7-4668-BE54-9A1E7A4F7556}") = "SAESP.Gestao.SharedKernel", "App\SAESP.Gestao.SharedKernel\SAESP.Gestao.SharedKernel.csproj", "{2634CC3D-7263-4570-A979-140398BC979B}"
EndProject
Project("{9A19103F-16F7-4668-BE54-9A1E7A4F7556}") = "SAESP.Gestao.Infra.Data", "App\SAESP.Gestao.Infra.Data\SAESP.Gestao.Infra.Data.csproj", "{E85F98F2-4BB9-4393-9AE7-14351F3983D9}"
EndProject
Project("{2150E333-8FDC-42A3-9474-1A3956D46DE8}") = "1. Data", "1. Data", "{159DF3D4-36DA-47AE-8A95-C2563234E6A8}"
EndProject
Project("{2150E333-8FDC-42A3-9474-1A3956D46DE8}") = "2. CrossCutting", "2. CrossCutting", "{CB59BEB4-57DF-41C5-8789-D5979C9F184E}"
EndProject
Project("{9A19103F-16F7-4668-BE54-9A1E7A4F7556}") = "SAESP.Gestao.Infra.CrossCutting.Email", "App\SAESP.Gestao.Infra.CrossCutting.Email\SAESP.Gestao.Infra.CrossCutting.Email.csproj", "{8D15F617-874F-4B1D-9F6D-946E22611F47}"
EndProject
Project("{9A19103F-16F7-4668-BE54-9A1E7A4F7556}") = "SAESP.Gestao.Infra.CrossCutting.Logger", "App\SAESP.Gestao.Infra.CrossCutting.Logger\SAESP.Gestao.Infra.CrossCutting.Logger.csproj", "{48C8DBD9-A769-4641-8B83-66F0EEACEFA4}"
EndProject
Project("{9A19103F-16F7-4668-BE54-9A1E7A4F7556}") = "SAESP.Gestao.Infra.CrossCutting.Ioc", "App\SAESP.Gestao.Infra.CrossCutting.Ioc\SAESP.Gestao.Infra.CrossCutting.Ioc.csproj", "{6A60F9B3-4564-4009-A97D-5B25A9F55D86}"
EndProject
Project("{FAE04EC0-301F-11D3-BF4B-00C04F79EFBC}") = "SAESP.Gestao.API", "App\SAESP.Gestao.API\SAESP.Gestao.API.csproj", "{0EB4EF03-5D89-4AE2-8C6D-19B757FC4166}"
EndProject
Project("{FAE04EC0-301F-11D3-BF4B-00C04F79EFBC}") = "SAESP.Gestao.Usuario.Application", "App\SAESP.Gestao.Usuario.Application\SAESP.Gestao.Usuario.Application.csproj", "{423D126C-368A-4D86-9F61-8EF4921763CB}"
EndProject
Project("{2150E333-8FDC-42A3-9474-1A3956D46DE8}") = "ApplicationLayer", "ApplicationLayer", "{91138DAC-A13A-4BEE-9D99-97ED39E1CBBB}"
EndProject
Project("{FAE04EC0-301F-11D3-BF4B-00C04F79EFBC}") = "SAESP.Gestao.Application", "App\SAESP.Gestao.Application\SAESP.Gestao.Application.csproj", "{DDA5E39E-8141-4DBA-BC21-0DD47A564A27}"
EndProject
Global
	GlobalSection(SolutionConfigurationPlatforms) = preSolution
		Debug|Any CPU = Debug|Any CPU
		Release|Any CPU = Release|Any CPU
	EndGlobalSection
	GlobalSection(ProjectConfigurationPlatforms) = postSolution
		{DD89A647-3718-45C5-84E5-DE1F4C78D226}.Debug|Any CPU.ActiveCfg = Debug|Any CPU
		{DD89A647-3718-45C5-84E5-DE1F4C78D226}.Debug|Any CPU.Build.0 = Debug|Any CPU
		{DD89A647-3718-45C5-84E5-DE1F4C78D226}.Release|Any CPU.ActiveCfg = Release|Any CPU
		{DD89A647-3718-45C5-84E5-DE1F4C78D226}.Release|Any CPU.Build.0 = Release|Any CPU
		{2634CC3D-7263-4570-A979-140398BC979B}.Debug|Any CPU.ActiveCfg = Debug|Any CPU
		{2634CC3D-7263-4570-A979-140398BC979B}.Debug|Any CPU.Build.0 = Debug|Any CPU
		{2634CC3D-7263-4570-A979-140398BC979B}.Release|Any CPU.ActiveCfg = Release|Any CPU
		{2634CC3D-7263-4570-A979-140398BC979B}.Release|Any CPU.Build.0 = Release|Any CPU
		{E85F98F2-4BB9-4393-9AE7-14351F3983D9}.Debug|Any CPU.ActiveCfg = Debug|Any CPU
		{E85F98F2-4BB9-4393-9AE7-14351F3983D9}.Debug|Any CPU.Build.0 = Debug|Any CPU
		{E85F98F2-4BB9-4393-9AE7-14351F3983D9}.Release|Any CPU.ActiveCfg = Release|Any CPU
		{E85F98F2-4BB9-4393-9AE7-14351F3983D9}.Release|Any CPU.Build.0 = Release|Any CPU
		{8D15F617-874F-4B1D-9F6D-946E22611F47}.Debug|Any CPU.ActiveCfg = Debug|Any CPU
		{8D15F617-874F-4B1D-9F6D-946E22611F47}.Debug|Any CPU.Build.0 = Debug|Any CPU
		{8D15F617-874F-4B1D-9F6D-946E22611F47}.Release|Any CPU.ActiveCfg = Release|Any CPU
		{8D15F617-874F-4B1D-9F6D-946E22611F47}.Release|Any CPU.Build.0 = Release|Any CPU
		{48C8DBD9-A769-4641-8B83-66F0EEACEFA4}.Debug|Any CPU.ActiveCfg = Debug|Any CPU
		{48C8DBD9-A769-4641-8B83-66F0EEACEFA4}.Debug|Any CPU.Build.0 = Debug|Any CPU
		{48C8DBD9-A769-4641-8B83-66F0EEACEFA4}.Release|Any CPU.ActiveCfg = Release|Any CPU
		{48C8DBD9-A769-4641-8B83-66F0EEACEFA4}.Release|Any CPU.Build.0 = Release|Any CPU
		{6A60F9B3-4564-4009-A97D-5B25A9F55D86}.Debug|Any CPU.ActiveCfg = Debug|Any CPU
		{6A60F9B3-4564-4009-A97D-5B25A9F55D86}.Debug|Any CPU.Build.0 = Debug|Any CPU
		{6A60F9B3-4564-4009-A97D-5B25A9F55D86}.Release|Any CPU.ActiveCfg = Release|Any CPU
		{6A60F9B3-4564-4009-A97D-5B25A9F55D86}.Release|Any CPU.Build.0 = Release|Any CPU
		{0EB4EF03-5D89-4AE2-8C6D-19B757FC4166}.Debug|Any CPU.ActiveCfg = Debug|Any CPU
		{0EB4EF03-5D89-4AE2-8C6D-19B757FC4166}.Debug|Any CPU.Build.0 = Debug|Any CPU
		{0EB4EF03-5D89-4AE2-8C6D-19B757FC4166}.Release|Any CPU.ActiveCfg = Release|Any CPU
		{0EB4EF03-5D89-4AE2-8C6D-19B757FC4166}.Release|Any CPU.Build.0 = Release|Any CPU
		{423D126C-368A-4D86-9F61-8EF4921763CB}.Debug|Any CPU.ActiveCfg = Debug|Any CPU
		{423D126C-368A-4D86-9F61-8EF4921763CB}.Debug|Any CPU.Build.0 = Debug|Any CPU
		{423D126C-368A-4D86-9F61-8EF4921763CB}.Release|Any CPU.ActiveCfg = Release|Any CPU
		{423D126C-368A-4D86-9F61-8EF4921763CB}.Release|Any CPU.Build.0 = Release|Any CPU
		{DDA5E39E-8141-4DBA-BC21-0DD47A564A27}.Debug|Any CPU.ActiveCfg = Debug|Any CPU
		{DDA5E39E-8141-4DBA-BC21-0DD47A564A27}.Debug|Any CPU.Build.0 = Debug|Any CPU
		{DDA5E39E-8141-4DBA-BC21-0DD47A564A27}.Release|Any CPU.ActiveCfg = Release|Any CPU
		{DDA5E39E-8141-4DBA-BC21-0DD47A564A27}.Release|Any CPU.Build.0 = Release|Any CPU
	EndGlobalSection
	GlobalSection(SolutionProperties) = preSolution
		HideSolutionNode = FALSE
	EndGlobalSection
	GlobalSection(NestedProjects) = preSolution
		{A7605BD5-EA99-4648-939F-D4FA0BFB90AB} = {EB07FF12-E112-4082-A849-24371213588D}
		{D41B92FE-0323-4097-93FE-D32F326FAFD4} = {EB07FF12-E112-4082-A849-24371213588D}
		{AF062DDD-DF25-4079-AAC9-01B6A29437ED} = {D41B92FE-0323-4097-93FE-D32F326FAFD4}
		{0EABA5AA-E64A-43A8-8BB4-C0B155466DF0} = {D41B92FE-0323-4097-93FE-D32F326FAFD4}
		{29AF8D51-2664-48FB-B509-A175A5C8E9F2} = {A7605BD5-EA99-4648-939F-D4FA0BFB90AB}
		{1CFB20A9-1F32-4831-886D-B25CE299DFB1} = {A7605BD5-EA99-4648-939F-D4FA0BFB90AB}
		{CDAB2A2D-BB5A-4EE0-9A06-E5C377FE351C} = {A7605BD5-EA99-4648-939F-D4FA0BFB90AB}
		{8177D71F-17FD-48BA-BCEA-886537648055} = {A7605BD5-EA99-4648-939F-D4FA0BFB90AB}
		{A185E293-AF82-4DCA-A828-162A3539FB83} = {A7605BD5-EA99-4648-939F-D4FA0BFB90AB}
		{3BF69800-EFD0-41A7-BC0B-8D69D81E66B1} = {A7605BD5-EA99-4648-939F-D4FA0BFB90AB}
		{82FC73ED-C53D-4C72-B0C9-3814460AE811} = {A7605BD5-EA99-4648-939F-D4FA0BFB90AB}
		{D9CE3159-1D1C-4FAA-A269-727671A7D65D} = {A7605BD5-EA99-4648-939F-D4FA0BFB90AB}
		{F7656917-E9F9-48BE-A7A7-D1F00F93D7C7} = {A7605BD5-EA99-4648-939F-D4FA0BFB90AB}
		{7F1BB3AA-F650-4EB3-828C-F61DB77188A9} = {29AF8D51-2664-48FB-B509-A175A5C8E9F2}
		{3F84AB97-3DEE-417F-871E-4730D947A5D3} = {29AF8D51-2664-48FB-B509-A175A5C8E9F2}
		{994A0084-0B54-4306-BBFA-3DB0AC08377B} = {29AF8D51-2664-48FB-B509-A175A5C8E9F2}
		{DD89A647-3718-45C5-84E5-DE1F4C78D226} = {994A0084-0B54-4306-BBFA-3DB0AC08377B}
		{2634CC3D-7263-4570-A979-140398BC979B} = {0EABA5AA-E64A-43A8-8BB4-C0B155466DF0}
		{E85F98F2-4BB9-4393-9AE7-14351F3983D9} = {159DF3D4-36DA-47AE-8A95-C2563234E6A8}
		{159DF3D4-36DA-47AE-8A95-C2563234E6A8} = {AF062DDD-DF25-4079-AAC9-01B6A29437ED}
		{CB59BEB4-57DF-41C5-8789-D5979C9F184E} = {AF062DDD-DF25-4079-AAC9-01B6A29437ED}
		{8D15F617-874F-4B1D-9F6D-946E22611F47} = {CB59BEB4-57DF-41C5-8789-D5979C9F184E}
		{48C8DBD9-A769-4641-8B83-66F0EEACEFA4} = {CB59BEB4-57DF-41C5-8789-D5979C9F184E}
		{6A60F9B3-4564-4009-A97D-5B25A9F55D86} = {CB59BEB4-57DF-41C5-8789-D5979C9F184E}
		{0EB4EF03-5D89-4AE2-8C6D-19B757FC4166} = {0029B095-92CC-42A5-A8FF-5B8377A94156}
		{423D126C-368A-4D86-9F61-8EF4921763CB} = {7F1BB3AA-F650-4EB3-828C-F61DB77188A9}
		{91138DAC-A13A-4BEE-9D99-97ED39E1CBBB} = {D41B92FE-0323-4097-93FE-D32F326FAFD4}
		{DDA5E39E-8141-4DBA-BC21-0DD47A564A27} = {91138DAC-A13A-4BEE-9D99-97ED39E1CBBB}
	EndGlobalSection
	GlobalSection(ExtensibilityGlobals) = postSolution
		SolutionGuid = {2937F9D6-BFB1-4C33-AF86-F7AD149E4788}
	EndGlobalSection
EndGlobal
